
Microsoft Visual Studio Solution File, Format Version 12.00
# Visual Studio Version 17
VisualStudioVersion = 17.11.35219.272
MinimumVisualStudioVersion = 10.0.40219.1
Project("{FAE04EC0-301F-11D3-BF4B-00C04F79EFBC}") = "HowToWork", "HowToWork.csproj", "{CA56CBF7-7890-41E0-8983-0EE4D22D731D}"
EndProject
Global
	GlobalSection(SolutionConfigurationPlatforms) = preSolution
		Debug|Any CPU = Debug|Any CPU
		Release|Any CPU = Release|Any CPU
	EndGlobalSection
	GlobalSection(ProjectConfigurationPlatforms) = postSolution
		{CA56CBF7-7890-41E0-8983-0EE4D22D731D}.Debug|Any CPU.ActiveCfg = Debug|Any CPU
		{CA56CBF7-7890-41E0-8983-0EE4D22D731D}.Debug|Any CPU.Build.0 = Debug|Any CPU
		{CA56CBF7-7890-41E0-8983-0EE4D22D731D}.Release|Any CPU.ActiveCfg = Release|Any CPU
		{CA56CBF7-7890-41E0-8983-0EE4D22D731D}.Release|Any CPU.Build.0 = Release|Any CPU
	EndGlobalSection
	GlobalSection(SolutionProperties) = preSolution
		HideSolutionNode = FALSE
	EndGlobalSection
	GlobalSection(ExtensibilityGlobals) = postSolution
		SolutionGuid = {F45CA2D4-F135-44EE-AFBF-F3BC33AB7AFF}
	EndGlobalSection
EndGlobal
